
Microsoft Visual Studio Solution File, Format Version 12.00
# Visual Studio Version 17
VisualStudioVersion = 17.5.002.0
MinimumVisualStudioVersion = 10.0.40219.1
Project("{9A19103F-16F7-4668-BE54-9A1E7A4F7556}") = "Behavioral Design Patterns", "Behavioral Design Patterns.csproj", "{BE418608-D28C-4ED0-AB3B-723974916A99}"
EndProject
Global
	GlobalSection(SolutionConfigurationPlatforms) = preSolution
		Debug|Any CPU = Debug|Any CPU
		Release|Any CPU = Release|Any CPU
	EndGlobalSection
	GlobalSection(ProjectConfigurationPlatforms) = postSolution
		{BE418608-D28C-4ED0-AB3B-723974916A99}.Debug|Any CPU.ActiveCfg = Debug|Any CPU
		{BE418608-D28C-4ED0-AB3B-723974916A99}.Debug|Any CPU.Build.0 = Debug|Any CPU
		{BE418608-D28C-4ED0-AB3B-723974916A99}.Release|Any CPU.ActiveCfg = Release|Any CPU
		{BE418608-D28C-4ED0-AB3B-723974916A99}.Release|Any CPU.Build.0 = Release|Any CPU
	EndGlobalSection
	GlobalSection(SolutionProperties) = preSolution
		HideSolutionNode = FALSE
	EndGlobalSection
	GlobalSection(ExtensibilityGlobals) = postSolution
		SolutionGuid = {20216540-1209-4787-AECE-573F73930F3E}
	EndGlobalSection
EndGlobal
